
Microsoft Visual Studio Solution File, Format Version 12.00
# Visual Studio for Mac
Project("{FAE04EC0-301F-11D3-BF4B-00C04F79EFBC}") = "SpinnerRunner.Plugins", "SpinnerRunner.Plugins.csproj", "{D16E81A7-18E7-2890-0E1B-C11919C2E633}"
EndProject
Project("{FAE04EC0-301F-11D3-BF4B-00C04F79EFBC}") = "SpinnerRunner", "SpinnerRunner.csproj", "{A62CC8E1-9D66-449C-78EE-5197F754A2AA}"
EndProject
Project("{FAE04EC0-301F-11D3-BF4B-00C04F79EFBC}") = "SpinnerRunner.Editor.Plugins", "SpinnerRunner.Editor.Plugins.csproj", "{3F963C89-1744-457E-075F-6A72F52FC664}"
EndProject
Project("{FAE04EC0-301F-11D3-BF4B-00C04F79EFBC}") = "SpinnerRunner.Editor", "SpinnerRunner.Editor.csproj", "{1B893F1F-3216-3023-197A-2A93516F981F}"
EndProject
Global
	GlobalSection(SolutionConfigurationPlatforms) = preSolution
		Debug|Any CPU = Debug|Any CPU
		Release|Any CPU = Release|Any CPU
	EndGlobalSection
	GlobalSection(ProjectConfigurationPlatforms) = postSolution
		{D16E81A7-18E7-2890-0E1B-C11919C2E633}.Debug|Any CPU.ActiveCfg = Debug|Any CPU
		{D16E81A7-18E7-2890-0E1B-C11919C2E633}.Debug|Any CPU.Build.0 = Debug|Any CPU
		{D16E81A7-18E7-2890-0E1B-C11919C2E633}.Release|Any CPU.ActiveCfg = Release|Any CPU
		{D16E81A7-18E7-2890-0E1B-C11919C2E633}.Release|Any CPU.Build.0 = Release|Any CPU
		{A62CC8E1-9D66-449C-78EE-5197F754A2AA}.Debug|Any CPU.ActiveCfg = Debug|Any CPU
		{A62CC8E1-9D66-449C-78EE-5197F754A2AA}.Debug|Any CPU.Build.0 = Debug|Any CPU
		{A62CC8E1-9D66-449C-78EE-5197F754A2AA}.Release|Any CPU.ActiveCfg = Release|Any CPU
		{A62CC8E1-9D66-449C-78EE-5197F754A2AA}.Release|Any CPU.Build.0 = Release|Any CPU
		{3F963C89-1744-457E-075F-6A72F52FC664}.Debug|Any CPU.ActiveCfg = Debug|Any CPU
		{3F963C89-1744-457E-075F-6A72F52FC664}.Debug|Any CPU.Build.0 = Debug|Any CPU
		{3F963C89-1744-457E-075F-6A72F52FC664}.Release|Any CPU.ActiveCfg = Release|Any CPU
		{3F963C89-1744-457E-075F-6A72F52FC664}.Release|Any CPU.Build.0 = Release|Any CPU
		{1B893F1F-3216-3023-197A-2A93516F981F}.Debug|Any CPU.ActiveCfg = Debug|Any CPU
		{1B893F1F-3216-3023-197A-2A93516F981F}.Debug|Any CPU.Build.0 = Debug|Any CPU
		{1B893F1F-3216-3023-197A-2A93516F981F}.Release|Any CPU.ActiveCfg = Release|Any CPU
		{1B893F1F-3216-3023-197A-2A93516F981F}.Release|Any CPU.Build.0 = Release|Any CPU
	EndGlobalSection
	GlobalSection(SolutionProperties) = preSolution
		HideSolutionNode = FALSE
	EndGlobalSection
EndGlobal
